
Microsoft Visual Studio Solution File, Format Version 12.00
# Visual Studio Version 17
VisualStudioVersion = 17.3.32901.215
MinimumVisualStudioVersion = 10.0.40219.1
Project("{FAE04EC0-301F-11D3-BF4B-00C04F79EFBC}") = "Dordoy", "Dordoy\Dordoy.csproj", "{4E90AAEC-239A-46E6-A7D5-7DF6BF3F894A}"
EndProject
Project("{FAE04EC0-301F-11D3-BF4B-00C04F79EFBC}") = "DAL", "DAL\DAL.csproj", "{5BE5E1BF-BE37-4438-BC8E-E766B47BBB1A}"
EndProject
Project("{FAE04EC0-301F-11D3-BF4B-00C04F79EFBC}") = "BLL", "BLL\BLL.csproj", "{9877566B-ACF6-4ADE-810E-E59600C4CAC6}"
EndProject
Global
	GlobalSection(SolutionConfigurationPlatforms) = preSolution
		Debug|Any CPU = Debug|Any CPU
		Release|Any CPU = Release|Any CPU
	EndGlobalSection
	GlobalSection(ProjectConfigurationPlatforms) = postSolution
		{4E90AAEC-239A-46E6-A7D5-7DF6BF3F894A}.Debug|Any CPU.ActiveCfg = Debug|Any CPU
		{4E90AAEC-239A-46E6-A7D5-7DF6BF3F894A}.Debug|Any CPU.Build.0 = Debug|Any CPU
		{4E90AAEC-239A-46E6-A7D5-7DF6BF3F894A}.Release|Any CPU.ActiveCfg = Release|Any CPU
		{4E90AAEC-239A-46E6-A7D5-7DF6BF3F894A}.Release|Any CPU.Build.0 = Release|Any CPU
		{5BE5E1BF-BE37-4438-BC8E-E766B47BBB1A}.Debug|Any CPU.ActiveCfg = Debug|Any CPU
		{5BE5E1BF-BE37-4438-BC8E-E766B47BBB1A}.Debug|Any CPU.Build.0 = Debug|Any CPU
		{5BE5E1BF-BE37-4438-BC8E-E766B47BBB1A}.Release|Any CPU.ActiveCfg = Release|Any CPU
		{5BE5E1BF-BE37-4438-BC8E-E766B47BBB1A}.Release|Any CPU.Build.0 = Release|Any CPU
		{9877566B-ACF6-4ADE-810E-E59600C4CAC6}.Debug|Any CPU.ActiveCfg = Debug|Any CPU
		{9877566B-ACF6-4ADE-810E-E59600C4CAC6}.Debug|Any CPU.Build.0 = Debug|Any CPU
		{9877566B-ACF6-4ADE-810E-E59600C4CAC6}.Release|Any CPU.ActiveCfg = Release|Any CPU
		{9877566B-ACF6-4ADE-810E-E59600C4CAC6}.Release|Any CPU.Build.0 = Release|Any CPU
	EndGlobalSection
	GlobalSection(SolutionProperties) = preSolution
		HideSolutionNode = FALSE
	EndGlobalSection
	GlobalSection(ExtensibilityGlobals) = postSolution
		SolutionGuid = {B60F235A-C5A1-4B71-883E-7A0A4143FA4A}
	EndGlobalSection
EndGlobal
